// !$*UTF8*$!
{
	archiveVersion = 1;
	classes = {
	};
	objectVersion = 56;
	objects = {

/* Begin PBXBuildFile section */
		12D45CED2BED9103006C9842 /* AppDelegate.swift in Sources */ = {isa = PBXBuildFile; fileRef = 12D45CEC2BED9103006C9842 /* AppDelegate.swift */; };
		12D45CEF2BED9103006C9842 /* SceneDelegate.swift in Sources */ = {isa = PBXBuildFile; fileRef = 12D45CEE2BED9103006C9842 /* SceneDelegate.swift */; };
		12D45CF12BED9103006C9842 /* ViewController.swift in Sources */ = {isa = PBXBuildFile; fileRef = 12D45CF02BED9103006C9842 /* ViewController.swift */; };
		12D45CF42BED9103006C9842 /* Base in Resources */ = {isa = PBXBuildFile; fileRef = 12D45CF32BED9103006C9842 /* Base */; };
		12D45CF62BED9106006C9842 /* Assets.xcassets in Resources */ = {isa = PBXBuildFile; fileRef = 12D45CF52BED9106006C9842 /* Assets.xcassets */; };
		12D45CF92BED9106006C9842 /* Base in Resources */ = {isa = PBXBuildFile; fileRef = 12D45CF82BED9106006C9842 /* Base */; };
/* End PBXBuildFile section */

/* Begin PBXContainerItemProxy section */
		12D45DB72BED977E006C9842 /* PBXContainerItemProxy */ = {
			isa = PBXContainerItemProxy;
			containerPortal = 12D45DAE2BED977E006C9842 /* SwiftZSTD.xcodeproj */;
			proxyType = 2;
			remoteGlobalIDString = B60EDDA71E0A2C2400F2713B;
			remoteInfo = SwiftZSTD_macOS;
		};
		12D45DB92BED977E006C9842 /* PBXContainerItemProxy */ = {
			isa = PBXContainerItemProxy;
			containerPortal = 12D45DAE2BED977E006C9842 /* SwiftZSTD.xcodeproj */;
			proxyType = 2;
			remoteGlobalIDString = B60EDDB51E0A2CF100F2713B;
			remoteInfo = SwiftZSTD_iOS;
		};
		12D45DBB2BED977E006C9842 /* PBXContainerItemProxy */ = {
			isa = PBXContainerItemProxy;
			containerPortal = 12D45DAE2BED977E006C9842 /* SwiftZSTD.xcodeproj */;
			proxyType = 2;
			remoteGlobalIDString = B6A3756823CEA74B006C8ED4;
			remoteInfo = SwiftZSTDTests_macOS;
		};
		12D45DBD2BED977E006C9842 /* PBXContainerItemProxy */ = {
			isa = PBXContainerItemProxy;
			containerPortal = 12D45DAE2BED977E006C9842 /* SwiftZSTD.xcodeproj */;
			proxyType = 2;
			remoteGlobalIDString = B6A3758623CEACDD006C8ED4;
			remoteInfo = SwiftZSTDTests_iOS;
		};
		12D45DBF2BED977E006C9842 /* PBXContainerItemProxy */ = {
			isa = PBXContainerItemProxy;
			containerPortal = 12D45DAE2BED977E006C9842 /* SwiftZSTD.xcodeproj */;
			proxyType = 2;
			remoteGlobalIDString = B6C02D4523D683C40001675F;
			remoteInfo = iOSTestApp;
		};
		12D45DC12BED977E006C9842 /* PBXContainerItemProxy */ = {
			isa = PBXContainerItemProxy;
			containerPortal = 12D45DAE2BED977E006C9842 /* SwiftZSTD.xcodeproj */;
			proxyType = 2;
			remoteGlobalIDString = B6C02D5B23D687520001675F;
			remoteInfo = "iOSTestApp-Tests";
		};
/* End PBXContainerItemProxy section */

/* Begin PBXFileReference section */
		12D45CE92BED9103006C9842 /* ZstdTest.app */ = {isa = PBXFileReference; explicitFileType = wrapper.application; includeInIndex = 0; path = ZstdTest.app; sourceTree = BUILT_PRODUCTS_DIR; };
		12D45CEC2BED9103006C9842 /* AppDelegate.swift */ = {isa = PBXFileReference; lastKnownFileType = sourcecode.swift; path = AppDelegate.swift; sourceTree = "<group>"; };
		12D45CEE2BED9103006C9842 /* SceneDelegate.swift */ = {isa = PBXFileReference; lastKnownFileType = sourcecode.swift; path = SceneDelegate.swift; sourceTree = "<group>"; };
		12D45CF02BED9103006C9842 /* ViewController.swift */ = {isa = PBXFileReference; lastKnownFileType = sourcecode.swift; path = ViewController.swift; sourceTree = "<group>"; };
		12D45CF32BED9103006C9842 /* Base */ = {isa = PBXFileReference; lastKnownFileType = file.storyboard; name = Base; path = Base.lproj/Main.storyboard; sourceTree = "<group>"; };
		12D45CF52BED9106006C9842 /* Assets.xcassets */ = {isa = PBXFileReference; lastKnownFileType = folder.assetcatalog; path = Assets.xcassets; sourceTree = "<group>"; };
		12D45CF82BED9106006C9842 /* Base */ = {isa = PBXFileReference; lastKnownFileType = file.storyboard; name = Base; path = Base.lproj/LaunchScreen.storyboard; sourceTree = "<group>"; };
		12D45CFA2BED9106006C9842 /* Info.plist */ = {isa = PBXFileReference; lastKnownFileType = text.plist.xml; path = Info.plist; sourceTree = "<group>"; };
		12D45DAE2BED977E006C9842 /* SwiftZSTD.xcodeproj */ = {isa = PBXFileReference; lastKnownFileType = "wrapper.pb-project"; name = SwiftZSTD.xcodeproj; path = "../../../../../../Downloads/SwiftZSTD-master/SwiftZSTD.xcodeproj"; sourceTree = "<group>"; };
/* End PBXFileReference section */

/* Begin PBXFrameworksBuildPhase section */
		12D45CE62BED9103006C9842 /* Frameworks */ = {
			isa = PBXFrameworksBuildPhase;
			buildActionMask = 2147483647;
			files = (
			);
			runOnlyForDeploymentPostprocessing = 0;
		};
/* End PBXFrameworksBuildPhase section */

/* Begin PBXGroup section */
		12D45CE02BED9103006C9842 = {
			isa = PBXGroup;
			children = (
				12D45CEB2BED9103006C9842 /* ZstdTest */,
				12D45CEA2BED9103006C9842 /* Products */,
			);
			sourceTree = "<group>";
		};
		12D45CEA2BED9103006C9842 /* Products */ = {
			isa = PBXGroup;
			children = (
				12D45CE92BED9103006C9842 /* ZstdTest.app */,
			);
			name = Products;
			sourceTree = "<group>";
		};
		12D45CEB2BED9103006C9842 /* ZstdTest */ = {
			isa = PBXGroup;
			children = (
				12D45DAC2BED974F006C9842 /* Lib */,
				12D45CEC2BED9103006C9842 /* AppDelegate.swift */,
				12D45CEE2BED9103006C9842 /* SceneDelegate.swift */,
				12D45CF02BED9103006C9842 /* ViewController.swift */,
				12D45CF22BED9103006C9842 /* Main.storyboard */,
				12D45CF52BED9106006C9842 /* Assets.xcassets */,
				12D45CF72BED9106006C9842 /* LaunchScreen.storyboard */,
				12D45CFA2BED9106006C9842 /* Info.plist */,
			);
			path = ZstdTest;
			sourceTree = "<group>";
		};
		12D45DAC2BED974F006C9842 /* Lib */ = {
			isa = PBXGroup;
			children = (
				12D45DAD2BED9758006C9842 /* SwiftZSTD */,
			);
			path = Lib;
			sourceTree = "<group>";
		};
		12D45DAD2BED9758006C9842 /* SwiftZSTD */ = {
			isa = PBXGroup;
			children = (
				12D45DAE2BED977E006C9842 /* SwiftZSTD.xcodeproj */,
			);
			path = SwiftZSTD;
			sourceTree = "<group>";
		};
		12D45DAF2BED977E006C9842 /* Products */ = {
			isa = PBXGroup;
			children = (
				12D45DB82BED977E006C9842 /* SwiftZSTD.framework */,
				12D45DBA2BED977E006C9842 /* SwiftZSTD.framework */,
				12D45DBC2BED977E006C9842 /* SwiftZSTDTests_macOS.xctest */,
				12D45DBE2BED977E006C9842 /* SwiftZSTDTests_iOS.xctest */,
				12D45DC02BED977E006C9842 /* iOSTestApp.app */,
				12D45DC22BED977E006C9842 /* iOSTestApp-Tests.xctest */,
			);
			name = Products;
			sourceTree = "<group>";
		};
/* End PBXGroup section */

/* Begin PBXNativeTarget section */
		12D45CE82BED9103006C9842 /* ZstdTest */ = {
			isa = PBXNativeTarget;
			buildConfigurationList = 12D45CFD2BED9106006C9842 /* Build configuration list for PBXNativeTarget "ZstdTest" */;
			buildPhases = (
				12D45CE52BED9103006C9842 /* Sources */,
				12D45CE62BED9103006C9842 /* Frameworks */,
				12D45CE72BED9103006C9842 /* Resources */,
			);
			buildRules = (
			);
			dependencies = (
			);
			name = ZstdTest;
			productName = ZstdTest;
			productReference = 12D45CE92BED9103006C9842 /* ZstdTest.app */;
			productType = "com.apple.product-type.application";
		};
/* End PBXNativeTarget section */

/* Begin PBXProject section */
		12D45CE12BED9103006C9842 /* Project object */ = {
			isa = PBXProject;
			attributes = {
				BuildIndependentTargetsInParallel = 1;
				LastSwiftUpdateCheck = 1530;
				LastUpgradeCheck = 1530;
				TargetAttributes = {
					12D45CE82BED9103006C9842 = {
						CreatedOnToolsVersion = 15.3;
					};
				};
			};
			buildConfigurationList = 12D45CE42BED9103006C9842 /* Build configuration list for PBXProject "ZstdTest" */;
			compatibilityVersion = "Xcode 14.0";
			developmentRegion = en;
			hasScannedForEncodings = 0;
			knownRegions = (
				en,
				Base,
			);
			mainGroup = 12D45CE02BED9103006C9842;
			productRefGroup = 12D45CEA2BED9103006C9842 /* Products */;
			projectDirPath = "";
			projectReferences = (
				{
					ProductGroup = 12D45DAF2BED977E006C9842 /* Products */;
					ProjectRef = 12D45DAE2BED977E006C9842 /* SwiftZSTD.xcodeproj */;
				},
			);
			projectRoot = "";
			targets = (
				12D45CE82BED9103006C9842 /* ZstdTest */,
			);
		};
/* End PBXProject section */

/* Begin PBXReferenceProxy section */
		12D45DB82BED977E006C9842 /* SwiftZSTD.framework */ = {
			isa = PBXReferenceProxy;
			fileType = wrapper.framework;
			path = SwiftZSTD.framework;
			remoteRef = 12D45DB72BED977E006C9842 /* PBXContainerItemProxy */;
			sourceTree = BUILT_PRODUCTS_DIR;
		};
		12D45DBA2BED977E006C9842 /* SwiftZSTD.framework */ = {
			isa = PBXReferenceProxy;
			fileType = wrapper.framework;
			path = SwiftZSTD.framework;
			remoteRef = 12D45DB92BED977E006C9842 /* PBXContainerItemProxy */;
			sourceTree = BUILT_PRODUCTS_DIR;
		};
		12D45DBC2BED977E006C9842 /* SwiftZSTDTests_macOS.xctest */ = {
			isa = PBXReferenceProxy;
			fileType = wrapper.cfbundle;
			path = SwiftZSTDTests_macOS.xctest;
			remoteRef = 12D45DBB2BED977E006C9842 /* PBXContainerItemProxy */;
			sourceTree = BUILT_PRODUCTS_DIR;
		};
		12D45DBE2BED977E006C9842 /* SwiftZSTDTests_iOS.xctest */ = {
			isa = PBXReferenceProxy;
			fileType = wrapper.cfbundle;
			path = SwiftZSTDTests_iOS.xctest;
			remoteRef = 12D45DBD2BED977E006C9842 /* PBXContainerItemProxy */;
			sourceTree = BUILT_PRODUCTS_DIR;
		};
		12D45DC02BED977E006C9842 /* iOSTestApp.app */ = {
			isa = PBXReferenceProxy;
			fileType = wrapper.application;
			path = iOSTestApp.app;
			remoteRef = 12D45DBF2BED977E006C9842 /* PBXContainerItemProxy */;
			sourceTree = BUILT_PRODUCTS_DIR;
		};
		12D45DC22BED977E006C9842 /* iOSTestApp-Tests.xctest */ = {
			isa = PBXReferenceProxy;
			fileType = wrapper.cfbundle;
			path = "iOSTestApp-Tests.xctest";
			remoteRef = 12D45DC12BED977E006C9842 /* PBXContainerItemProxy */;
			sourceTree = BUILT_PRODUCTS_DIR;
		};
/* End PBXReferenceProxy section */

/* Begin PBXResourcesBuildPhase section */
		12D45CE72BED9103006C9842 /* Resources */ = {
			isa = PBXResourcesBuildPhase;
			buildActionMask = 2147483647;
			files = (
				12D45CF62BED9106006C9842 /* Assets.xcassets in Resources */,
				12D45CF92BED9106006C9842 /* Base in Resources */,
				12D45CF42BED9103006C9842 /* Base in Resources */,
			);
			runOnlyForDeploymentPostprocessing = 0;
		};
/* End PBXResourcesBuildPhase section */

/* Begin PBXSourcesBuildPhase section */
		12D45CE52BED9103006C9842 /* Sources */ = {
			isa = PBXSourcesBuildPhase;
			buildActionMask = 2147483647;
			files = (
				12D45CF12BED9103006C9842 /* ViewController.swift in Sources */,
				12D45CED2BED9103006C9842 /* AppDelegate.swift in Sources */,
				12D45CEF2BED9103006C9842 /* SceneDelegate.swift in Sources */,
			);
			runOnlyForDeploymentPostprocessing = 0;
		};
/* End PBXSourcesBuildPhase section */

/* Begin PBXVariantGroup section */
		12D45CF22BED9103006C9842 /* Main.storyboard */ = {
			isa = PBXVariantGroup;
			children = (
				12D45CF32BED9103006C9842 /* Base */,
			);
			name = Main.storyboard;
			sourceTree = "<group>";
		};
		12D45CF72BED9106006C9842 /* LaunchScreen.storyboard */ = {
			isa = PBXVariantGroup;
			children = (
				12D45CF82BED9106006C9842 /* Base */,
			);
			name = LaunchScreen.storyboard;
			sourceTree = "<group>";
		};
/* End PBXVariantGroup section */

/* Begin XCBuildConfiguration section */
		12D45CFB2BED9106006C9842 /* Debug */ = {
			isa = XCBuildConfiguration;
			buildSettings = {
				ALWAYS_SEARCH_USER_PATHS = NO;
				ASSETCATALOG_COMPILER_GENERATE_SWIFT_ASSET_SYMBOL_EXTENSIONS = YES;
				CLANG_ANALYZER_NONNULL = YES;
				CLANG_ANALYZER_NUMBER_OBJECT_CONVERSION = YES_AGGRESSIVE;
				CLANG_CXX_LANGUAGE_STANDARD = "gnu++20";
				CLANG_ENABLE_MODULES = YES;
				CLANG_ENABLE_OBJC_ARC = YES;
				CLANG_ENABLE_OBJC_WEAK = YES;
				CLANG_WARN_BLOCK_CAPTURE_AUTORELEASING = YES;
				CLANG_WARN_BOOL_CONVERSION = YES;
				CLANG_WARN_COMMA = YES;
				CLANG_WARN_CONSTANT_CONVERSION = YES;
				CLANG_WARN_DEPRECATED_OBJC_IMPLEMENTATIONS = YES;
				CLANG_WARN_DIRECT_OBJC_ISA_USAGE = YES_ERROR;
				CLANG_WARN_DOCUMENTATION_COMMENTS = YES;
				CLANG_WARN_EMPTY_BODY = YES;
				CLANG_WARN_ENUM_CONVERSION = YES;
				CLANG_WARN_INFINITE_RECURSION = YES;
				CLANG_WARN_INT_CONVERSION = YES;
				CLANG_WARN_NON_LITERAL_NULL_CONVERSION = YES;
				CLANG_WARN_OBJC_IMPLICIT_RETAIN_SELF = YES;
				CLANG_WARN_OBJC_LITERAL_CONVERSION = YES;
				CLANG_WARN_OBJC_ROOT_CLASS = YES_ERROR;
				CLANG_WARN_QUOTED_INCLUDE_IN_FRAMEWORK_HEADER = YES;
				CLANG_WARN_RANGE_LOOP_ANALYSIS = YES;
				CLANG_WARN_STRICT_PROTOTYPES = YES;
				CLANG_WARN_SUSPICIOUS_MOVE = YES;
				CLANG_WARN_UNGUARDED_AVAILABILITY = YES_AGGRESSIVE;
				CLANG_WARN_UNREACHABLE_CODE = YES;
				CLANG_WARN__DUPLICATE_METHOD_MATCH = YES;
				COPY_PHASE_STRIP = NO;
				DEBUG_INFORMATION_FORMAT = dwarf;
				ENABLE_STRICT_OBJC_MSGSEND = YES;
				ENABLE_TESTABILITY = YES;
				ENABLE_USER_SCRIPT_SANDBOXING = YES;
				GCC_C_LANGUAGE_STANDARD = gnu17;
				GCC_DYNAMIC_NO_PIC = NO;
				GCC_NO_COMMON_BLOCKS = YES;
				GCC_OPTIMIZATION_LEVEL = 0;
				GCC_PREPROCESSOR_DEFINITIONS = (
					"DEBUG=1",
					"$(inherited)",
				);
				GCC_WARN_64_TO_32_BIT_CONVERSION = YES;
				GCC_WARN_ABOUT_RETURN_TYPE = YES_ERROR;
				GCC_WARN_UNDECLARED_SELECTOR = YES;
				GCC_WARN_UNINITIALIZED_AUTOS = YES_AGGRESSIVE;
				GCC_WARN_UNUSED_FUNCTION = YES;
				GCC_WARN_UNUSED_VARIABLE = YES;
				IPHONEOS_DEPLOYMENT_TARGET = 17.4;
				LOCALIZATION_PREFERS_STRING_CATALOGS = YES;
				MTL_ENABLE_DEBUG_INFO = INCLUDE_SOURCE;
				MTL_FAST_MATH = YES;
				ONLY_ACTIVE_ARCH = YES;
				SDKROOT = iphoneos;
				SWIFT_ACTIVE_COMPILATION_CONDITIONS = "DEBUG $(inherited)";
				SWIFT_OPTIMIZATION_LEVEL = "-Onone";
			};
			name = Debug;
		};
		12D45CFC2BED9106006C9842 /* Release */ = {
			isa = XCBuildConfiguration;
			buildSettings = {
				ALWAYS_SEARCH_USER_PATHS = NO;
				ASSETCATALOG_COMPILER_GENERATE_SWIFT_ASSET_SYMBOL_EXTENSIONS = YES;
				CLANG_ANALYZER_NONNULL = YES;
				CLANG_ANALYZER_NUMBER_OBJECT_CONVERSION = YES_AGGRESSIVE;
				CLANG_CXX_LANGUAGE_STANDARD = "gnu++20";
				CLANG_ENABLE_MODULES = YES;
				CLANG_ENABLE_OBJC_ARC = YES;
				CLANG_ENABLE_OBJC_WEAK = YES;
				CLANG_WARN_BLOCK_CAPTURE_AUTORELEASING = YES;
				CLANG_WARN_BOOL_CONVERSION = YES;
				CLANG_WARN_COMMA = YES;
				CLANG_WARN_CONSTANT_CONVERSION = YES;
				CLANG_WARN_DEPRECATED_OBJC_IMPLEMENTATIONS = YES;
				CLANG_WARN_DIRECT_OBJC_ISA_USAGE = YES_ERROR;
				CLANG_WARN_DOCUMENTATION_COMMENTS = YES;
				CLANG_WARN_EMPTY_BODY = YES;
				CLANG_WARN_ENUM_CONVERSION = YES;
				CLANG_WARN_INFINITE_RECURSION = YES;
				CLANG_WARN_INT_CONVERSION = YES;
				CLANG_WARN_NON_LITERAL_NULL_CONVERSION = YES;
				CLANG_WARN_OBJC_IMPLICIT_RETAIN_SELF = YES;
				CLANG_WARN_OBJC_LITERAL_CONVERSION = YES;
				CLANG_WARN_OBJC_ROOT_CLASS = YES_ERROR;
				CLANG_WARN_QUOTED_INCLUDE_IN_FRAMEWORK_HEADER = YES;
				CLANG_WARN_RANGE_LOOP_ANALYSIS = YES;
				CLANG_WARN_STRICT_PROTOTYPES = YES;
				CLANG_WARN_SUSPICIOUS_MOVE = YES;
				CLANG_WARN_UNGUARDED_AVAILABILITY = YES_AGGRESSIVE;
				CLANG_WARN_UNREACHABLE_CODE = YES;
				CLANG_WARN__DUPLICATE_METHOD_MATCH = YES;
				COPY_PHASE_STRIP = NO;
				DEBUG_INFORMATION_FORMAT = "dwarf-with-dsym";
				ENABLE_NS_ASSERTIONS = NO;
				ENABLE_STRICT_OBJC_MSGSEND = YES;
				ENABLE_USER_SCRIPT_SANDBOXING = YES;
				GCC_C_LANGUAGE_STANDARD = gnu17;
				GCC_NO_COMMON_BLOCKS = YES;
				GCC_WARN_64_TO_32_BIT_CONVERSION = YES;
				GCC_WARN_ABOUT_RETURN_TYPE = YES_ERROR;
				GCC_WARN_UNDECLARED_SELECTOR = YES;
				GCC_WARN_UNINITIALIZED_AUTOS = YES_AGGRESSIVE;
				GCC_WARN_UNUSED_FUNCTION = YES;
				GCC_WARN_UNUSED_VARIABLE = YES;
				IPHONEOS_DEPLOYMENT_TARGET = 17.4;
				LOCALIZATION_PREFERS_STRING_CATALOGS = YES;
				MTL_ENABLE_DEBUG_INFO = NO;
				MTL_FAST_MATH = YES;
				SDKROOT = iphoneos;
				SWIFT_COMPILATION_MODE = wholemodule;
				VALIDATE_PRODUCT = YES;
			};
			name = Release;
		};
		12D45CFE2BED9106006C9842 /* Debug */ = {
			isa = XCBuildConfiguration;
			buildSettings = {
				ASSETCATALOG_COMPILER_APPICON_NAME = AppIcon;
				ASSETCATALOG_COMPILER_GLOBAL_ACCENT_COLOR_NAME = AccentColor;
				CODE_SIGN_STYLE = Automatic;
				CURRENT_PROJECT_VERSION = 1;
				DEVELOPMENT_TEAM = 4U7C86SHQ6;
				GENERATE_INFOPLIST_FILE = YES;
				INFOPLIST_FILE = ZstdTest/Info.plist;
				INFOPLIST_KEY_UIApplicationSupportsIndirectInputEvents = YES;
				INFOPLIST_KEY_UILaunchStoryboardName = LaunchScreen;
				INFOPLIST_KEY_UIMainStoryboardFile = Main;
				INFOPLIST_KEY_UISupportedInterfaceOrientations_iPad = "UIInterfaceOrientationPortrait UIInterfaceOrientationPortraitUpsideDown UIInterfaceOrientationLandscapeLeft UIInterfaceOrientationLandscapeRight";
				INFOPLIST_KEY_UISupportedInterfaceOrientations_iPhone = "UIInterfaceOrientationPortrait UIInterfaceOrientationLandscapeLeft UIInterfaceOrientationLandscapeRight";
				IPHONEOS_DEPLOYMENT_TARGET = 13.0;
				LD_RUNPATH_SEARCH_PATHS = (
					"$(inherited)",
					"@executable_path/Frameworks",
				);
				MARKETING_VERSION = 1.0;
				PRODUCT_BUNDLE_IDENTIFIER = net.kdish.ZstdTest;
				PRODUCT_NAME = "$(TARGET_NAME)";
				SWIFT_EMIT_LOC_STRINGS = YES;
				SWIFT_VERSION = 5.0;
				TARGETED_DEVICE_FAMILY = "1,2";
			};
			name = Debug;
		};
		12D45CFF2BED9106006C9842 /* Release */ = {
			isa = XCBuildConfiguration;
			buildSettings = {
				ASSETCATALOG_COMPILER_APPICON_NAME = AppIcon;
				ASSETCATALOG_COMPILER_GLOBAL_ACCENT_COLOR_NAME = AccentColor;
				CODE_SIGN_STYLE = Automatic;
				CURRENT_PROJECT_VERSION = 1;
				DEVELOPMENT_TEAM = 4U7C86SHQ6;
				GENERATE_INFOPLIST_FILE = YES;
				INFOPLIST_FILE = ZstdTest/Info.plist;
				INFOPLIST_KEY_UIApplicationSupportsIndirectInputEvents = YES;
				INFOPLIST_KEY_UILaunchStoryboardName = LaunchScreen;
				INFOPLIST_KEY_UIMainStoryboardFile = Main;
				INFOPLIST_KEY_UISupportedInterfaceOrientations_iPad = "UIInterfaceOrientationPortrait UIInterfaceOrientationPortraitUpsideDown UIInterfaceOrientationLandscapeLeft UIInterfaceOrientationLandscapeRight";
				INFOPLIST_KEY_UISupportedInterfaceOrientations_iPhone = "UIInterfaceOrientationPortrait UIInterfaceOrientationLandscapeLeft UIInterfaceOrientationLandscapeRight";
				IPHONEOS_DEPLOYMENT_TARGET = 13.0;
				LD_RUNPATH_SEARCH_PATHS = (
					"$(inherited)",
					"@executable_path/Frameworks",
				);
				MARKETING_VERSION = 1.0;
				PRODUCT_BUNDLE_IDENTIFIER = net.kdish.ZstdTest;
				PRODUCT_NAME = "$(TARGET_NAME)";
				SWIFT_EMIT_LOC_STRINGS = YES;
				SWIFT_VERSION = 5.0;
				TARGETED_DEVICE_FAMILY = "1,2";
			};
			name = Release;
		};
/* End XCBuildConfiguration section */

/* Begin XCConfigurationList section */
		12D45CE42BED9103006C9842 /* Build configuration list for PBXProject "ZstdTest" */ = {
			isa = XCConfigurationList;
			buildConfigurations = (
				12D45CFB2BED9106006C9842 /* Debug */,
				12D45CFC2BED9106006C9842 /* Release */,
			);
			defaultConfigurationIsVisible = 0;
			defaultConfigurationName = Release;
		};
		12D45CFD2BED9106006C9842 /* Build configuration list for PBXNativeTarget "ZstdTest" */ = {
			isa = XCConfigurationList;
			buildConfigurations = (
				12D45CFE2BED9106006C9842 /* Debug */,
				12D45CFF2BED9106006C9842 /* Release */,
			);
			defaultConfigurationIsVisible = 0;
			defaultConfigurationName = Release;
		};
/* End XCConfigurationList section */
	};
	rootObject = 12D45CE12BED9103006C9842 /* Project object */;
}
